
Microsoft Visual Studio Solution File, Format Version 12.00
# Visual Studio Version 17
VisualStudioVersion = 17.11.35327.3
MinimumVisualStudioVersion = 10.0.40219.1
Project("{9A19103F-16F7-4668-BE54-9A1E7A4F7556}") = "AzureFunction.API", "AzureFunction.API\AzureFunction.API.csproj", "{38F19B91-3B4B-4A74-BD7D-2303A3C4B054}"
EndProject
Project("{2150E333-8FDC-42A3-9474-1A3956D46DE8}") = "API", "API", "{51F1DE34-D8D5-40A7-A35E-060C77D02D84}"
EndProject
Project("{2150E333-8FDC-42A3-9474-1A3956D46DE8}") = "Core", "Core", "{FB9DC36D-DDC1-4FE5-B40E-9612E3927D90}"
EndProject
Project("{2150E333-8FDC-42A3-9474-1A3956D46DE8}") = "Infrastructure", "Infrastructure", "{1CAAAC2A-0EC2-4059-B11E-7FB27D2EE423}"
EndProject
Project("{9A19103F-16F7-4668-BE54-9A1E7A4F7556}") = "AzureFunction.Domain", "AzureFunction.Domain\AzureFunction.Domain.csproj", "{E3611A2F-9B71-49CA-895A-610BCEB5C99F}"
EndProject
Project("{9A19103F-16F7-4668-BE54-9A1E7A4F7556}") = "AzureFunction.Application", "AzureFunction.Application\AzureFunction.Application.csproj", "{5138C5C4-7EB8-4EA9-9C71-F9BF93B9B4A7}"
EndProject
Project("{9A19103F-16F7-4668-BE54-9A1E7A4F7556}") = "AzureFunction.Infrastructure", "AzureFunction.Infrastructure\AzureFunction.Infrastructure.csproj", "{F76EAF50-75CB-44A4-96FA-EC6A520DEB28}"
EndProject
Project("{9A19103F-16F7-4668-BE54-9A1E7A4F7556}") = "AzureFunction.Persistance", "AzureFunction.Persistance\AzureFunction.Persistance.csproj", "{1D45705F-FF98-442B-9C7C-8CCDA9D23747}"
EndProject
Project("{FAE04EC0-301F-11D3-BF4B-00C04F79EFBC}") = "POS.AzureFunctionApp", "POS.AzureFunctionApp\POS.AzureFunctionApp.csproj", "{EA8B9025-6B67-4986-9D4A-21CB1295072D}"
EndProject
Global
	GlobalSection(SolutionConfigurationPlatforms) = preSolution
		Debug|Any CPU = Debug|Any CPU
		Release|Any CPU = Release|Any CPU
	EndGlobalSection
	GlobalSection(ProjectConfigurationPlatforms) = postSolution
		{38F19B91-3B4B-4A74-BD7D-2303A3C4B054}.Debug|Any CPU.ActiveCfg = Debug|Any CPU
		{38F19B91-3B4B-4A74-BD7D-2303A3C4B054}.Debug|Any CPU.Build.0 = Debug|Any CPU
		{38F19B91-3B4B-4A74-BD7D-2303A3C4B054}.Release|Any CPU.ActiveCfg = Release|Any CPU
		{38F19B91-3B4B-4A74-BD7D-2303A3C4B054}.Release|Any CPU.Build.0 = Release|Any CPU
		{E3611A2F-9B71-49CA-895A-610BCEB5C99F}.Debug|Any CPU.ActiveCfg = Debug|Any CPU
		{E3611A2F-9B71-49CA-895A-610BCEB5C99F}.Debug|Any CPU.Build.0 = Debug|Any CPU
		{E3611A2F-9B71-49CA-895A-610BCEB5C99F}.Release|Any CPU.ActiveCfg = Release|Any CPU
		{E3611A2F-9B71-49CA-895A-610BCEB5C99F}.Release|Any CPU.Build.0 = Release|Any CPU
		{5138C5C4-7EB8-4EA9-9C71-F9BF93B9B4A7}.Debug|Any CPU.ActiveCfg = Debug|Any CPU
		{5138C5C4-7EB8-4EA9-9C71-F9BF93B9B4A7}.Debug|Any CPU.Build.0 = Debug|Any CPU
		{5138C5C4-7EB8-4EA9-9C71-F9BF93B9B4A7}.Release|Any CPU.ActiveCfg = Release|Any CPU
		{5138C5C4-7EB8-4EA9-9C71-F9BF93B9B4A7}.Release|Any CPU.Build.0 = Release|Any CPU
		{F76EAF50-75CB-44A4-96FA-EC6A520DEB28}.Debug|Any CPU.ActiveCfg = Debug|Any CPU
		{F76EAF50-75CB-44A4-96FA-EC6A520DEB28}.Debug|Any CPU.Build.0 = Debug|Any CPU
		{F76EAF50-75CB-44A4-96FA-EC6A520DEB28}.Release|Any CPU.ActiveCfg = Release|Any CPU
		{F76EAF50-75CB-44A4-96FA-EC6A520DEB28}.Release|Any CPU.Build.0 = Release|Any CPU
		{1D45705F-FF98-442B-9C7C-8CCDA9D23747}.Debug|Any CPU.ActiveCfg = Debug|Any CPU
		{1D45705F-FF98-442B-9C7C-8CCDA9D23747}.Debug|Any CPU.Build.0 = Debug|Any CPU
		{1D45705F-FF98-442B-9C7C-8CCDA9D23747}.Release|Any CPU.ActiveCfg = Release|Any CPU
		{1D45705F-FF98-442B-9C7C-8CCDA9D23747}.Release|Any CPU.Build.0 = Release|Any CPU
		{EA8B9025-6B67-4986-9D4A-21CB1295072D}.Debug|Any CPU.ActiveCfg = Debug|Any CPU
		{EA8B9025-6B67-4986-9D4A-21CB1295072D}.Debug|Any CPU.Build.0 = Debug|Any CPU
		{EA8B9025-6B67-4986-9D4A-21CB1295072D}.Release|Any CPU.ActiveCfg = Release|Any CPU
		{EA8B9025-6B67-4986-9D4A-21CB1295072D}.Release|Any CPU.Build.0 = Release|Any CPU
	EndGlobalSection
	GlobalSection(SolutionProperties) = preSolution
		HideSolutionNode = FALSE
	EndGlobalSection
	GlobalSection(NestedProjects) = preSolution
		{38F19B91-3B4B-4A74-BD7D-2303A3C4B054} = {51F1DE34-D8D5-40A7-A35E-060C77D02D84}
		{E3611A2F-9B71-49CA-895A-610BCEB5C99F} = {FB9DC36D-DDC1-4FE5-B40E-9612E3927D90}
		{5138C5C4-7EB8-4EA9-9C71-F9BF93B9B4A7} = {FB9DC36D-DDC1-4FE5-B40E-9612E3927D90}
		{F76EAF50-75CB-44A4-96FA-EC6A520DEB28} = {1CAAAC2A-0EC2-4059-B11E-7FB27D2EE423}
		{1D45705F-FF98-442B-9C7C-8CCDA9D23747} = {1CAAAC2A-0EC2-4059-B11E-7FB27D2EE423}
		{EA8B9025-6B67-4986-9D4A-21CB1295072D} = {51F1DE34-D8D5-40A7-A35E-060C77D02D84}
	EndGlobalSection
	GlobalSection(ExtensibilityGlobals) = postSolution
		SolutionGuid = {CBB576C8-9566-4E77-AD39-53BDB1D8758B}
	EndGlobalSection
EndGlobal
